// !$*UTF8*$!
{
	archiveVersion = 1;
	classes = {
	};
	objectVersion = 50;
	objects = {

/* Begin PBXBuildFile section */
		A85E93632553CBBD00CE543E /* JSON_parser.cpp in Sources */ = {isa = PBXBuildFile; fileRef = A85E93612553CBBD00CE543E /* JSON_parser.cpp */; };
		A85E93672553CBD300CE543E /* parser.cpp in Sources */ = {isa = PBXBuildFile; fileRef = A85E93652553CBD300CE543E /* parser.cpp */; };
		A85E9375255420E100CE543E /* thread_manager.cpp in Sources */ = {isa = PBXBuildFile; fileRef = A85E9373255420E100CE543E /* thread_manager.cpp */; };
		A894CAE4254D59D300E5BF9B /* main.cpp in Sources */ = {isa = PBXBuildFile; fileRef = A894CAE3254D59D300E5BF9B /* main.cpp */; };
		A894CAED254D5AF600E5BF9B /* dynamic_parallel_packrat.cpp in Sources */ = {isa = PBXBuildFile; fileRef = A894CAEB254D5AF600E5BF9B /* dynamic_parallel_packrat.cpp */; };
		A894CAF1254D5B2900E5BF9B /* memoize_table.cpp in Sources */ = {isa = PBXBuildFile; fileRef = A894CAEF254D5B2900E5BF9B /* memoize_table.cpp */; };
/* End PBXBuildFile section */

/* Begin PBXCopyFilesBuildPhase section */
		A894CADE254D59D300E5BF9B /* CopyFiles */ = {
			isa = PBXCopyFilesBuildPhase;
			buildActionMask = 2147483647;
			dstPath = /usr/share/man/man1/;
			dstSubfolderSpec = 0;
			files = (
			);
			runOnlyForDeploymentPostprocessing = 1;
		};
/* End PBXCopyFilesBuildPhase section */

/* Begin PBXFileReference section */
		A821F1D02561230A001F746A /* dummy_635233.json */ = {isa = PBXFileReference; lastKnownFileType = text.json; path = dummy_635233.json; sourceTree = "<group>"; };
		A821F1E12562BFA8001F746A /* dummy_3611967.json */ = {isa = PBXFileReference; lastKnownFileType = text.json; path = dummy_3611967.json; sourceTree = "<group>"; };
		A85E93612553CBBD00CE543E /* JSON_parser.cpp */ = {isa = PBXFileReference; lastKnownFileType = sourcecode.cpp.cpp; path = JSON_parser.cpp; sourceTree = "<group>"; };
		A85E93622553CBBD00CE543E /* JSON_parser.hpp */ = {isa = PBXFileReference; lastKnownFileType = sourcecode.cpp.h; path = JSON_parser.hpp; sourceTree = "<group>"; };
		A85E93652553CBD300CE543E /* parser.cpp */ = {isa = PBXFileReference; lastKnownFileType = sourcecode.cpp.cpp; path = parser.cpp; sourceTree = "<group>"; };
		A85E93662553CBD300CE543E /* parser.hpp */ = {isa = PBXFileReference; lastKnownFileType = sourcecode.cpp.h; path = parser.hpp; sourceTree = "<group>"; };
		A85E9373255420E100CE543E /* thread_manager.cpp */ = {isa = PBXFileReference; lastKnownFileType = sourcecode.cpp.cpp; path = thread_manager.cpp; sourceTree = "<group>"; };
		A85E9374255420E100CE543E /* thread_manager.hpp */ = {isa = PBXFileReference; lastKnownFileType = sourcecode.cpp.h; path = thread_manager.hpp; sourceTree = "<group>"; };
		A894CAE0254D59D300E5BF9B /* Dynamic_parallel_packrat */ = {isa = PBXFileReference; explicitFileType = "compiled.mach-o.executable"; includeInIndex = 0; path = Dynamic_parallel_packrat; sourceTree = BUILT_PRODUCTS_DIR; };
		A894CAE3254D59D300E5BF9B /* main.cpp */ = {isa = PBXFileReference; lastKnownFileType = sourcecode.cpp.cpp; path = main.cpp; sourceTree = "<group>"; };
		A894CAEB254D5AF600E5BF9B /* dynamic_parallel_packrat.cpp */ = {isa = PBXFileReference; lastKnownFileType = sourcecode.cpp.cpp; path = dynamic_parallel_packrat.cpp; sourceTree = "<group>"; };
		A894CAEC254D5AF600E5BF9B /* dynamic_parallel_packrat.hpp */ = {isa = PBXFileReference; lastKnownFileType = sourcecode.cpp.h; path = dynamic_parallel_packrat.hpp; sourceTree = "<group>"; };
		A894CAEF254D5B2900E5BF9B /* memoize_table.cpp */ = {isa = PBXFileReference; lastKnownFileType = sourcecode.cpp.cpp; path = memoize_table.cpp; sourceTree = "<group>"; };
		A894CAF0254D5B2900E5BF9B /* memoize_table.hpp */ = {isa = PBXFileReference; lastKnownFileType = sourcecode.cpp.h; path = memoize_table.hpp; sourceTree = "<group>"; };
/* End PBXFileReference section */

/* Begin PBXFrameworksBuildPhase section */
		A894CADD254D59D300E5BF9B /* Frameworks */ = {
			isa = PBXFrameworksBuildPhase;
			buildActionMask = 2147483647;
			files = (
			);
			runOnlyForDeploymentPostprocessing = 0;
		};
/* End PBXFrameworksBuildPhase section */

/* Begin PBXGroup section */
		A894CAD7254D59D300E5BF9B = {
			isa = PBXGroup;
			children = (
				A894CAE2254D59D300E5BF9B /* xcode_tst */,
				A894CAE1254D59D300E5BF9B /* Products */,
			);
			sourceTree = "<group>";
		};
		A894CAE1254D59D300E5BF9B /* Products */ = {
			isa = PBXGroup;
			children = (
				A894CAE0254D59D300E5BF9B /* Dynamic_parallel_packrat */,
			);
			name = Products;
			sourceTree = "<group>";
		};
		A894CAE2254D59D300E5BF9B /* xcode_tst */ = {
			isa = PBXGroup;
			children = (
				A894CAE3254D59D300E5BF9B /* main.cpp */,
				A894CAEB254D5AF600E5BF9B /* dynamic_parallel_packrat.cpp */,
				A894CAEC254D5AF600E5BF9B /* dynamic_parallel_packrat.hpp */,
				A894CAEF254D5B2900E5BF9B /* memoize_table.cpp */,
				A894CAF0254D5B2900E5BF9B /* memoize_table.hpp */,
				A85E93612553CBBD00CE543E /* JSON_parser.cpp */,
				A85E93622553CBBD00CE543E /* JSON_parser.hpp */,
				A85E93652553CBD300CE543E /* parser.cpp */,
				A85E93662553CBD300CE543E /* parser.hpp */,
				A85E9373255420E100CE543E /* thread_manager.cpp */,
				A85E9374255420E100CE543E /* thread_manager.hpp */,
				A821F1D02561230A001F746A /* dummy_635233.json */,
				A821F1E12562BFA8001F746A /* dummy_3611967.json */,
			);
			path = xcode_tst;
			sourceTree = "<group>";
		};
/* End PBXGroup section */

/* Begin PBXNativeTarget section */
		A894CADF254D59D300E5BF9B /* Dynamic_parallel_packrat */ = {
			isa = PBXNativeTarget;
			buildConfigurationList = A894CAE7254D59D300E5BF9B /* Build configuration list for PBXNativeTarget "Dynamic_parallel_packrat" */;
			buildPhases = (
				A894CADC254D59D300E5BF9B /* Sources */,
				A894CADD254D59D300E5BF9B /* Frameworks */,
				A894CADE254D59D300E5BF9B /* CopyFiles */,
			);
			buildRules = (
			);
			dependencies = (
			);
			name = Dynamic_parallel_packrat;
			productName = xcode_tst;
			productReference = A894CAE0254D59D300E5BF9B /* Dynamic_parallel_packrat */;
			productType = "com.apple.product-type.tool";
		};
/* End PBXNativeTarget section */

/* Begin PBXProject section */
		A894CAD8254D59D300E5BF9B /* Project object */ = {
			isa = PBXProject;
			attributes = {
				LastUpgradeCheck = 1210;
				TargetAttributes = {
					A894CADF254D59D300E5BF9B = {
						CreatedOnToolsVersion = 12.1;
						LastSwiftMigration = 1210;
					};
				};
			};
			buildConfigurationList = A894CADB254D59D300E5BF9B /* Build configuration list for PBXProject "Dynamic_parallel_packrat" */;
			compatibilityVersion = "Xcode 9.3";
			developmentRegion = en;
			hasScannedForEncodings = 0;
			knownRegions = (
				en,
				Base,
			);
			mainGroup = A894CAD7254D59D300E5BF9B;
			productRefGroup = A894CAE1254D59D300E5BF9B /* Products */;
			projectDirPath = "";
			projectRoot = "";
			targets = (
				A894CADF254D59D300E5BF9B /* Dynamic_parallel_packrat */,
			);
		};
/* End PBXProject section */

/* Begin PBXSourcesBuildPhase section */
		A894CADC254D59D300E5BF9B /* Sources */ = {
			isa = PBXSourcesBuildPhase;
			buildActionMask = 2147483647;
			files = (
				A85E93672553CBD300CE543E /* parser.cpp in Sources */,
				A894CAE4254D59D300E5BF9B /* main.cpp in Sources */,
				A894CAED254D5AF600E5BF9B /* dynamic_parallel_packrat.cpp in Sources */,
				A85E93632553CBBD00CE543E /* JSON_parser.cpp in Sources */,
				A894CAF1254D5B2900E5BF9B /* memoize_table.cpp in Sources */,
				A85E9375255420E100CE543E /* thread_manager.cpp in Sources */,
			);
			runOnlyForDeploymentPostprocessing = 0;
		};
/* End PBXSourcesBuildPhase section */

/* Begin XCBuildConfiguration section */
		A894CAE5254D59D300E5BF9B /* Debug */ = {
			isa = XCBuildConfiguration;
			buildSettings = {
				ALWAYS_SEARCH_USER_PATHS = NO;
				CLANG_ANALYZER_NONNULL = YES;
				CLANG_ANALYZER_NUMBER_OBJECT_CONVERSION = YES_AGGRESSIVE;
				CLANG_CXX_LANGUAGE_STANDARD = "gnu++14";
				CLANG_CXX_LIBRARY = "libc++";
				CLANG_ENABLE_MODULES = YES;
				CLANG_ENABLE_OBJC_ARC = YES;
				CLANG_ENABLE_OBJC_WEAK = YES;
				CLANG_WARN_BLOCK_CAPTURE_AUTORELEASING = YES;
				CLANG_WARN_BOOL_CONVERSION = YES;
				CLANG_WARN_COMMA = YES;
				CLANG_WARN_CONSTANT_CONVERSION = YES;
				CLANG_WARN_DEPRECATED_OBJC_IMPLEMENTATIONS = YES;
				CLANG_WARN_DIRECT_OBJC_ISA_USAGE = YES_ERROR;
				CLANG_WARN_DOCUMENTATION_COMMENTS = YES;
				CLANG_WARN_EMPTY_BODY = YES;
				CLANG_WARN_ENUM_CONVERSION = YES;
				CLANG_WARN_INFINITE_RECURSION = YES;
				CLANG_WARN_INT_CONVERSION = YES;
				CLANG_WARN_NON_LITERAL_NULL_CONVERSION = YES;
				CLANG_WARN_OBJC_IMPLICIT_RETAIN_SELF = YES;
				CLANG_WARN_OBJC_LITERAL_CONVERSION = YES;
				CLANG_WARN_OBJC_ROOT_CLASS = YES_ERROR;
				CLANG_WARN_QUOTED_INCLUDE_IN_FRAMEWORK_HEADER = YES;
				CLANG_WARN_RANGE_LOOP_ANALYSIS = YES;
				CLANG_WARN_STRICT_PROTOTYPES = YES;
				CLANG_WARN_SUSPICIOUS_MOVE = YES;
				CLANG_WARN_UNGUARDED_AVAILABILITY = YES_AGGRESSIVE;
				CLANG_WARN_UNREACHABLE_CODE = YES;
				CLANG_WARN__DUPLICATE_METHOD_MATCH = YES;
				COPY_PHASE_STRIP = NO;
				DEBUG_INFORMATION_FORMAT = dwarf;
				ENABLE_STRICT_OBJC_MSGSEND = YES;
				ENABLE_TESTABILITY = YES;
				GCC_C_LANGUAGE_STANDARD = gnu11;
				GCC_DYNAMIC_NO_PIC = NO;
				GCC_NO_COMMON_BLOCKS = YES;
				GCC_OPTIMIZATION_LEVEL = 3;
				GCC_PREPROCESSOR_DEFINITIONS = (
					"DEBUG=1",
					"$(inherited)",
				);
				GCC_WARN_64_TO_32_BIT_CONVERSION = YES;
				GCC_WARN_ABOUT_RETURN_TYPE = YES_ERROR;
				GCC_WARN_UNDECLARED_SELECTOR = YES;
				GCC_WARN_UNINITIALIZED_AUTOS = YES_AGGRESSIVE;
				GCC_WARN_UNUSED_FUNCTION = YES;
				GCC_WARN_UNUSED_VARIABLE = YES;
				MACOSX_DEPLOYMENT_TARGET = 10.15;
				MTL_ENABLE_DEBUG_INFO = INCLUDE_SOURCE;
				MTL_FAST_MATH = YES;
				ONLY_ACTIVE_ARCH = YES;
				SDKROOT = macosx;
			};
			name = Debug;
		};
		A894CAE6254D59D300E5BF9B /* Release */ = {
			isa = XCBuildConfiguration;
			buildSettings = {
				ALWAYS_SEARCH_USER_PATHS = NO;
				CLANG_ANALYZER_NONNULL = YES;
				CLANG_ANALYZER_NUMBER_OBJECT_CONVERSION = YES_AGGRESSIVE;
				CLANG_CXX_LANGUAGE_STANDARD = "gnu++14";
				CLANG_CXX_LIBRARY = "libc++";
				CLANG_ENABLE_MODULES = YES;
				CLANG_ENABLE_OBJC_ARC = YES;
				CLANG_ENABLE_OBJC_WEAK = YES;
				CLANG_WARN_BLOCK_CAPTURE_AUTORELEASING = YES;
				CLANG_WARN_BOOL_CONVERSION = YES;
				CLANG_WARN_COMMA = YES;
				CLANG_WARN_CONSTANT_CONVERSION = YES;
				CLANG_WARN_DEPRECATED_OBJC_IMPLEMENTATIONS = YES;
				CLANG_WARN_DIRECT_OBJC_ISA_USAGE = YES_ERROR;
				CLANG_WARN_DOCUMENTATION_COMMENTS = YES;
				CLANG_WARN_EMPTY_BODY = YES;
				CLANG_WARN_ENUM_CONVERSION = YES;
				CLANG_WARN_INFINITE_RECURSION = YES;
				CLANG_WARN_INT_CONVERSION = YES;
				CLANG_WARN_NON_LITERAL_NULL_CONVERSION = YES;
				CLANG_WARN_OBJC_IMPLICIT_RETAIN_SELF = YES;
				CLANG_WARN_OBJC_LITERAL_CONVERSION = YES;
				CLANG_WARN_OBJC_ROOT_CLASS = YES_ERROR;
				CLANG_WARN_QUOTED_INCLUDE_IN_FRAMEWORK_HEADER = YES;
				CLANG_WARN_RANGE_LOOP_ANALYSIS = YES;
				CLANG_WARN_STRICT_PROTOTYPES = YES;
				CLANG_WARN_SUSPICIOUS_MOVE = YES;
				CLANG_WARN_UNGUARDED_AVAILABILITY = YES_AGGRESSIVE;
				CLANG_WARN_UNREACHABLE_CODE = YES;
				CLANG_WARN__DUPLICATE_METHOD_MATCH = YES;
				COPY_PHASE_STRIP = NO;
				DEBUG_INFORMATION_FORMAT = "dwarf-with-dsym";
				ENABLE_NS_ASSERTIONS = NO;
				ENABLE_STRICT_OBJC_MSGSEND = YES;
				GCC_C_LANGUAGE_STANDARD = gnu11;
				GCC_NO_COMMON_BLOCKS = YES;
				GCC_OPTIMIZATION_LEVEL = 3;
				GCC_WARN_64_TO_32_BIT_CONVERSION = YES;
				GCC_WARN_ABOUT_RETURN_TYPE = YES_ERROR;
				GCC_WARN_UNDECLARED_SELECTOR = YES;
				GCC_WARN_UNINITIALIZED_AUTOS = YES_AGGRESSIVE;
				GCC_WARN_UNUSED_FUNCTION = YES;
				GCC_WARN_UNUSED_VARIABLE = YES;
				MACOSX_DEPLOYMENT_TARGET = 10.15;
				MTL_ENABLE_DEBUG_INFO = NO;
				MTL_FAST_MATH = YES;
				SDKROOT = macosx;
			};
			name = Release;
		};
		A894CAE8254D59D300E5BF9B /* Debug */ = {
			isa = XCBuildConfiguration;
			buildSettings = {
				CLANG_ENABLE_MODULES = YES;
				CODE_SIGN_STYLE = Automatic;
				DEVELOPMENT_TEAM = Z7KM4RKKFS;
				ENABLE_HARDENED_RUNTIME = YES;
				LD_RUNPATH_SEARCH_PATHS = (
					"$(inherited)",
					"@executable_path/../Frameworks",
					"@loader_path/../Frameworks",
				);
				PRODUCT_NAME = "$(TARGET_NAME)";
				SWIFT_OPTIMIZATION_LEVEL = "-Onone";
				SWIFT_VERSION = 5.0;
			};
			name = Debug;
		};
		A894CAE9254D59D300E5BF9B /* Release */ = {
			isa = XCBuildConfiguration;
			buildSettings = {
				CLANG_ENABLE_MODULES = YES;
				CODE_SIGN_STYLE = Automatic;
				DEVELOPMENT_TEAM = Z7KM4RKKFS;
				ENABLE_HARDENED_RUNTIME = YES;
				LD_RUNPATH_SEARCH_PATHS = (
					"$(inherited)",
					"@executable_path/../Frameworks",
					"@loader_path/../Frameworks",
				);
				PRODUCT_NAME = "$(TARGET_NAME)";
				SWIFT_VERSION = 5.0;
			};
			name = Release;
		};
/* End XCBuildConfiguration section */

/* Begin XCConfigurationList section */
		A894CADB254D59D300E5BF9B /* Build configuration list for PBXProject "Dynamic_parallel_packrat" */ = {
			isa = XCConfigurationList;
			buildConfigurations = (
				A894CAE5254D59D300E5BF9B /* Debug */,
				A894CAE6254D59D300E5BF9B /* Release */,
			);
			defaultConfigurationIsVisible = 0;
			defaultConfigurationName = Release;
		};
		A894CAE7254D59D300E5BF9B /* Build configuration list for PBXNativeTarget "Dynamic_parallel_packrat" */ = {
			isa = XCConfigurationList;
			buildConfigurations = (
				A894CAE8254D59D300E5BF9B /* Debug */,
				A894CAE9254D59D300E5BF9B /* Release */,
			);
			defaultConfigurationIsVisible = 0;
			defaultConfigurationName = Release;
		};
/* End XCConfigurationList section */
	};
	rootObject = A894CAD8254D59D300E5BF9B /* Project object */;
}
